
Microsoft Visual Studio Solution File, Format Version 12.00
# Visual Studio Version 17
VisualStudioVersion = 17.14.36301.6 d17.14
MinimumVisualStudioVersion = 10.0.40219.1
Project("{FAE04EC0-301F-11D3-BF4B-00C04F79EFBC}") = "WindowsFormsApp4", "WindowsFormsApp4\WindowsFormsApp4.csproj", "{C7434490-F684-4C6F-ADC0-A80CDDED975A}"
EndProject
Global
	GlobalSection(SolutionConfigurationPlatforms) = preSolution
		Debug|Any CPU = Debug|Any CPU
		Release|Any CPU = Release|Any CPU
	EndGlobalSection
	GlobalSection(ProjectConfigurationPlatforms) = postSolution
		{C7434490-F684-4C6F-ADC0-A80CDDED975A}.Debug|Any CPU.ActiveCfg = Debug|Any CPU
		{C7434490-F684-4C6F-ADC0-A80CDDED975A}.Debug|Any CPU.Build.0 = Debug|Any CPU
		{C7434490-F684-4C6F-ADC0-A80CDDED975A}.Release|Any CPU.ActiveCfg = Release|Any CPU
		{C7434490-F684-4C6F-ADC0-A80CDDED975A}.Release|Any CPU.Build.0 = Release|Any CPU
	EndGlobalSection
	GlobalSection(SolutionProperties) = preSolution
		HideSolutionNode = FALSE
	EndGlobalSection
	GlobalSection(ExtensibilityGlobals) = postSolution
		SolutionGuid = {4DFDEBF8-3632-4E78-82D8-20C41AB21D52}
	EndGlobalSection
EndGlobal
